
Microsoft Visual Studio Solution File, Format Version 12.00
# Visual Studio Version 17
VisualStudioVersion = 17.14.36705.20
MinimumVisualStudioVersion = 10.0.40219.1
Project("{FAE04EC0-301F-11D3-BF4B-00C04F79EFBC}") = "DocAssistant.Gateway", "DocAssistant.Gateway\DocAssistant.Gateway.csproj", "{30808968-4C54-4982-BE40-4F9BE1D1D5B6}"
EndProject
Project("{2150E333-8FDC-42A3-9474-1A3956D46DE8}") = "Solution Items", "Solution Items", "{8EC462FD-D22E-90A8-E5CE-7E832BA40C5D}"
	ProjectSection(SolutionItems) = preProject
		.gitignore = .gitignore
		TaskList.txt = TaskList.txt
	EndProjectSection
EndProject
Project("{FAE04EC0-301F-11D3-BF4B-00C04F79EFBC}") = "DocAssistant.Tests", "DocAssistant.Tests\DocAssistant.Tests.csproj", "{335C8533-1F75-417A-B28C-F5D3AC0C6C11}"
EndProject
Global
	GlobalSection(SolutionConfigurationPlatforms) = preSolution
		Debug|Any CPU = Debug|Any CPU
		Release|Any CPU = Release|Any CPU
	EndGlobalSection
	GlobalSection(ProjectConfigurationPlatforms) = postSolution
		{30808968-4C54-4982-BE40-4F9BE1D1D5B6}.Debug|Any CPU.ActiveCfg = Debug|Any CPU
		{30808968-4C54-4982-BE40-4F9BE1D1D5B6}.Debug|Any CPU.Build.0 = Debug|Any CPU
		{30808968-4C54-4982-BE40-4F9BE1D1D5B6}.Release|Any CPU.ActiveCfg = Release|Any CPU
		{30808968-4C54-4982-BE40-4F9BE1D1D5B6}.Release|Any CPU.Build.0 = Release|Any CPU
		{335C8533-1F75-417A-B28C-F5D3AC0C6C11}.Debug|Any CPU.ActiveCfg = Debug|Any CPU
		{335C8533-1F75-417A-B28C-F5D3AC0C6C11}.Debug|Any CPU.Build.0 = Debug|Any CPU
		{335C8533-1F75-417A-B28C-F5D3AC0C6C11}.Release|Any CPU.ActiveCfg = Release|Any CPU
		{335C8533-1F75-417A-B28C-F5D3AC0C6C11}.Release|Any CPU.Build.0 = Release|Any CPU
	EndGlobalSection
	GlobalSection(SolutionProperties) = preSolution
		HideSolutionNode = FALSE
	EndGlobalSection
	GlobalSection(ExtensibilityGlobals) = postSolution
		SolutionGuid = {159CB636-6256-4250-91C7-320F0CD46625}
	EndGlobalSection
EndGlobal
